
Microsoft Visual Studio Solution File, Format Version 12.00
Project("{FAE04EC0-301F-11D3-BF4B-00C04F79EFBC}") = "InterfaceImplementationDemo", "InterfaceImplementationDemo\InterfaceImplementationDemo.csproj", "{214B4385-48FF-44FB-99A6-F40DB447FE4E}"
EndProject
Project("{FAE04EC0-301F-11D3-BF4B-00C04F79EFBC}") = "InterfaceImplementationLibrary", "InterfaceImplementationLibrary\InterfaceImplementationLibrary.csproj", "{48516DA8-F286-4D20-8746-F95F7DF15D2D}"
EndProject
Global
	GlobalSection(SolutionConfigurationPlatforms) = preSolution
		Debug|Any CPU = Debug|Any CPU
		Release|Any CPU = Release|Any CPU
	EndGlobalSection
	GlobalSection(ProjectConfigurationPlatforms) = postSolution
		{214B4385-48FF-44FB-99A6-F40DB447FE4E}.Debug|Any CPU.ActiveCfg = Debug|Any CPU
		{214B4385-48FF-44FB-99A6-F40DB447FE4E}.Debug|Any CPU.Build.0 = Debug|Any CPU
		{214B4385-48FF-44FB-99A6-F40DB447FE4E}.Release|Any CPU.ActiveCfg = Release|Any CPU
		{214B4385-48FF-44FB-99A6-F40DB447FE4E}.Release|Any CPU.Build.0 = Release|Any CPU
		{48516DA8-F286-4D20-8746-F95F7DF15D2D}.Debug|Any CPU.ActiveCfg = Debug|Any CPU
		{48516DA8-F286-4D20-8746-F95F7DF15D2D}.Debug|Any CPU.Build.0 = Debug|Any CPU
		{48516DA8-F286-4D20-8746-F95F7DF15D2D}.Release|Any CPU.ActiveCfg = Release|Any CPU
		{48516DA8-F286-4D20-8746-F95F7DF15D2D}.Release|Any CPU.Build.0 = Release|Any CPU
	EndGlobalSection
EndGlobal
